
Microsoft Visual Studio Solution File, Format Version 12.00
# Visual Studio Version 17
VisualStudioVersion = 17.11.35327.3
MinimumVisualStudioVersion = 10.0.40219.1
Project("{FAE04EC0-301F-11D3-BF4B-00C04F79EFBC}") = "TaskTrackerAPI_00006424", "TaskTrackerAPI_00016440\TaskTrackerAPI_00006424.csproj", "{8A57B485-B12D-4308-8A65-4DC03A3E5B87}"
EndProject
Global
	GlobalSection(SolutionConfigurationPlatforms) = preSolution
		Debug|Any CPU = Debug|Any CPU
		Release|Any CPU = Release|Any CPU
	EndGlobalSection
	GlobalSection(ProjectConfigurationPlatforms) = postSolution
		{8A57B485-B12D-4308-8A65-4DC03A3E5B87}.Debug|Any CPU.ActiveCfg = Debug|Any CPU
		{8A57B485-B12D-4308-8A65-4DC03A3E5B87}.Debug|Any CPU.Build.0 = Debug|Any CPU
		{8A57B485-B12D-4308-8A65-4DC03A3E5B87}.Release|Any CPU.ActiveCfg = Release|Any CPU
		{8A57B485-B12D-4308-8A65-4DC03A3E5B87}.Release|Any CPU.Build.0 = Release|Any CPU
	EndGlobalSection
	GlobalSection(SolutionProperties) = preSolution
		HideSolutionNode = FALSE
	EndGlobalSection
	GlobalSection(ExtensibilityGlobals) = postSolution
		SolutionGuid = {4DD3AD25-6A72-41AF-9EB0-5262E20B3BA4}
	EndGlobalSection
EndGlobal
